// !$*UTF8*$!
{
	archiveVersion = 1;
	classes = {
	};
	objectVersion = 56;
	objects = {

/* Begin PBXBuildFile section */
		253D126E2A27705000FFF47E /* swift_furniture_shopApp.swift in Sources */ = {isa = PBXBuildFile; fileRef = 253D126D2A27705000FFF47E /* swift_furniture_shopApp.swift */; };
		253D12702A27705000FFF47E /* ContentView.swift in Sources */ = {isa = PBXBuildFile; fileRef = 253D126F2A27705000FFF47E /* ContentView.swift */; };
		253D12722A27705000FFF47E /* Assets.xcassets in Resources */ = {isa = PBXBuildFile; fileRef = 253D12712A27705000FFF47E /* Assets.xcassets */; };
		253D12752A27705000FFF47E /* Preview Assets.xcassets in Resources */ = {isa = PBXBuildFile; fileRef = 253D12742A27705000FFF47E /* Preview Assets.xcassets */; };
		253D12772A27705000FFF47E /* Persistence.swift in Sources */ = {isa = PBXBuildFile; fileRef = 253D12762A27705000FFF47E /* Persistence.swift */; };
		253D127A2A27705000FFF47E /* swift_furniture_shop.xcdatamodeld in Sources */ = {isa = PBXBuildFile; fileRef = 253D12782A27705000FFF47E /* swift_furniture_shop.xcdatamodeld */; };
		253D12842A27705000FFF47E /* swift_furniture_shopTests.swift in Sources */ = {isa = PBXBuildFile; fileRef = 253D12832A27705000FFF47E /* swift_furniture_shopTests.swift */; };
		253D128E2A27705000FFF47E /* swift_furniture_shopUITests.swift in Sources */ = {isa = PBXBuildFile; fileRef = 253D128D2A27705000FFF47E /* swift_furniture_shopUITests.swift */; };
		253D12902A27705000FFF47E /* swift_furniture_shopUITestsLaunchTests.swift in Sources */ = {isa = PBXBuildFile; fileRef = 253D128F2A27705000FFF47E /* swift_furniture_shopUITestsLaunchTests.swift */; };
/* End PBXBuildFile section */

/* Begin PBXContainerItemProxy section */
		253D12802A27705000FFF47E /* PBXContainerItemProxy */ = {
			isa = PBXContainerItemProxy;
			containerPortal = 253D12622A27705000FFF47E /* Project object */;
			proxyType = 1;
			remoteGlobalIDString = 253D12692A27705000FFF47E;
			remoteInfo = "swift-furniture-shop";
		};
		253D128A2A27705000FFF47E /* PBXContainerItemProxy */ = {
			isa = PBXContainerItemProxy;
			containerPortal = 253D12622A27705000FFF47E /* Project object */;
			proxyType = 1;
			remoteGlobalIDString = 253D12692A27705000FFF47E;
			remoteInfo = "swift-furniture-shop";
		};
/* End PBXContainerItemProxy section */

/* Begin PBXFileReference section */
		253D126A2A27705000FFF47E /* swift-furniture-shop.app */ = {isa = PBXFileReference; explicitFileType = wrapper.application; includeInIndex = 0; path = "swift-furniture-shop.app"; sourceTree = BUILT_PRODUCTS_DIR; };
		253D126D2A27705000FFF47E /* swift_furniture_shopApp.swift */ = {isa = PBXFileReference; lastKnownFileType = sourcecode.swift; path = swift_furniture_shopApp.swift; sourceTree = "<group>"; };
		253D126F2A27705000FFF47E /* ContentView.swift */ = {isa = PBXFileReference; lastKnownFileType = sourcecode.swift; path = ContentView.swift; sourceTree = "<group>"; };
		253D12712A27705000FFF47E /* Assets.xcassets */ = {isa = PBXFileReference; lastKnownFileType = folder.assetcatalog; path = Assets.xcassets; sourceTree = "<group>"; };
		253D12742A27705000FFF47E /* Preview Assets.xcassets */ = {isa = PBXFileReference; lastKnownFileType = folder.assetcatalog; path = "Preview Assets.xcassets"; sourceTree = "<group>"; };
		253D12762A27705000FFF47E /* Persistence.swift */ = {isa = PBXFileReference; lastKnownFileType = sourcecode.swift; path = Persistence.swift; sourceTree = "<group>"; };
		253D12792A27705000FFF47E /* swift_furniture_shop.xcdatamodel */ = {isa = PBXFileReference; lastKnownFileType = wrapper.xcdatamodel; path = swift_furniture_shop.xcdatamodel; sourceTree = "<group>"; };
		253D127F2A27705000FFF47E /* swift-furniture-shopTests.xctest */ = {isa = PBXFileReference; explicitFileType = wrapper.cfbundle; includeInIndex = 0; path = "swift-furniture-shopTests.xctest"; sourceTree = BUILT_PRODUCTS_DIR; };
		253D12832A27705000FFF47E /* swift_furniture_shopTests.swift */ = {isa = PBXFileReference; lastKnownFileType = sourcecode.swift; path = swift_furniture_shopTests.swift; sourceTree = "<group>"; };
		253D12892A27705000FFF47E /* swift-furniture-shopUITests.xctest */ = {isa = PBXFileReference; explicitFileType = wrapper.cfbundle; includeInIndex = 0; path = "swift-furniture-shopUITests.xctest"; sourceTree = BUILT_PRODUCTS_DIR; };
		253D128D2A27705000FFF47E /* swift_furniture_shopUITests.swift */ = {isa = PBXFileReference; lastKnownFileType = sourcecode.swift; path = swift_furniture_shopUITests.swift; sourceTree = "<group>"; };
		253D128F2A27705000FFF47E /* swift_furniture_shopUITestsLaunchTests.swift */ = {isa = PBXFileReference; lastKnownFileType = sourcecode.swift; path = swift_furniture_shopUITestsLaunchTests.swift; sourceTree = "<group>"; };
/* End PBXFileReference section */

/* Begin PBXFrameworksBuildPhase section */
		253D12672A27705000FFF47E /* Frameworks */ = {
			isa = PBXFrameworksBuildPhase;
			buildActionMask = 2147483647;
			files = (
			);
			runOnlyForDeploymentPostprocessing = 0;
		};
		253D127C2A27705000FFF47E /* Frameworks */ = {
			isa = PBXFrameworksBuildPhase;
			buildActionMask = 2147483647;
			files = (
			);
			runOnlyForDeploymentPostprocessing = 0;
		};
		253D12862A27705000FFF47E /* Frameworks */ = {
			isa = PBXFrameworksBuildPhase;
			buildActionMask = 2147483647;
			files = (
			);
			runOnlyForDeploymentPostprocessing = 0;
		};
/* End PBXFrameworksBuildPhase section */

/* Begin PBXGroup section */
		253D12612A27705000FFF47E = {
			isa = PBXGroup;
			children = (
				253D126C2A27705000FFF47E /* swift-furniture-shop */,
				253D12822A27705000FFF47E /* swift-furniture-shopTests */,
				253D128C2A27705000FFF47E /* swift-furniture-shopUITests */,
				253D126B2A27705000FFF47E /* Products */,
			);
			sourceTree = "<group>";
		};
		253D126B2A27705000FFF47E /* Products */ = {
			isa = PBXGroup;
			children = (
				253D126A2A27705000FFF47E /* swift-furniture-shop.app */,
				253D127F2A27705000FFF47E /* swift-furniture-shopTests.xctest */,
				253D12892A27705000FFF47E /* swift-furniture-shopUITests.xctest */,
			);
			name = Products;
			sourceTree = "<group>";
		};
		253D126C2A27705000FFF47E /* swift-furniture-shop */ = {
			isa = PBXGroup;
			children = (
				253D126D2A27705000FFF47E /* swift_furniture_shopApp.swift */,
				253D126F2A27705000FFF47E /* ContentView.swift */,
				253D12712A27705000FFF47E /* Assets.xcassets */,
				253D12762A27705000FFF47E /* Persistence.swift */,
				253D12782A27705000FFF47E /* swift_furniture_shop.xcdatamodeld */,
				253D12732A27705000FFF47E /* Preview Content */,
			);
			path = "swift-furniture-shop";
			sourceTree = "<group>";
		};
		253D12732A27705000FFF47E /* Preview Content */ = {
			isa = PBXGroup;
			children = (
				253D12742A27705000FFF47E /* Preview Assets.xcassets */,
			);
			path = "Preview Content";
			sourceTree = "<group>";
		};
		253D12822A27705000FFF47E /* swift-furniture-shopTests */ = {
			isa = PBXGroup;
			children = (
				253D12832A27705000FFF47E /* swift_furniture_shopTests.swift */,
			);
			path = "swift-furniture-shopTests";
			sourceTree = "<group>";
		};
		253D128C2A27705000FFF47E /* swift-furniture-shopUITests */ = {
			isa = PBXGroup;
			children = (
				253D128D2A27705000FFF47E /* swift_furniture_shopUITests.swift */,
				253D128F2A27705000FFF47E /* swift_furniture_shopUITestsLaunchTests.swift */,
			);
			path = "swift-furniture-shopUITests";
			sourceTree = "<group>";
		};
/* End PBXGroup section */

/* Begin PBXNativeTarget section */
		253D12692A27705000FFF47E /* swift-furniture-shop */ = {
			isa = PBXNativeTarget;
			buildConfigurationList = 253D12932A27705000FFF47E /* Build configuration list for PBXNativeTarget "swift-furniture-shop" */;
			buildPhases = (
				253D12662A27705000FFF47E /* Sources */,
				253D12672A27705000FFF47E /* Frameworks */,
				253D12682A27705000FFF47E /* Resources */,
			);
			buildRules = (
			);
			dependencies = (
			);
			name = "swift-furniture-shop";
			productName = "swift-furniture-shop";
			productReference = 253D126A2A27705000FFF47E /* swift-furniture-shop.app */;
			productType = "com.apple.product-type.application";
		};
		253D127E2A27705000FFF47E /* swift-furniture-shopTests */ = {
			isa = PBXNativeTarget;
			buildConfigurationList = 253D12962A27705000FFF47E /* Build configuration list for PBXNativeTarget "swift-furniture-shopTests" */;
			buildPhases = (
				253D127B2A27705000FFF47E /* Sources */,
				253D127C2A27705000FFF47E /* Frameworks */,
				253D127D2A27705000FFF47E /* Resources */,
			);
			buildRules = (
			);
			dependencies = (
				253D12812A27705000FFF47E /* PBXTargetDependency */,
			);
			name = "swift-furniture-shopTests";
			productName = "swift-furniture-shopTests";
			productReference = 253D127F2A27705000FFF47E /* swift-furniture-shopTests.xctest */;
			productType = "com.apple.product-type.bundle.unit-test";
		};
		253D12882A27705000FFF47E /* swift-furniture-shopUITests */ = {
			isa = PBXNativeTarget;
			buildConfigurationList = 253D12992A27705000FFF47E /* Build configuration list for PBXNativeTarget "swift-furniture-shopUITests" */;
			buildPhases = (
				253D12852A27705000FFF47E /* Sources */,
				253D12862A27705000FFF47E /* Frameworks */,
				253D12872A27705000FFF47E /* Resources */,
			);
			buildRules = (
			);
			dependencies = (
				253D128B2A27705000FFF47E /* PBXTargetDependency */,
			);
			name = "swift-furniture-shopUITests";
			productName = "swift-furniture-shopUITests";
			productReference = 253D12892A27705000FFF47E /* swift-furniture-shopUITests.xctest */;
			productType = "com.apple.product-type.bundle.ui-testing";
		};
/* End PBXNativeTarget section */

/* Begin PBXProject section */
		253D12622A27705000FFF47E /* Project object */ = {
			isa = PBXProject;
			attributes = {
				BuildIndependentTargetsInParallel = 1;
				LastSwiftUpdateCheck = 1430;
				LastUpgradeCheck = 1430;
				TargetAttributes = {
					253D12692A27705000FFF47E = {
						CreatedOnToolsVersion = 14.3;
					};
					253D127E2A27705000FFF47E = {
						CreatedOnToolsVersion = 14.3;
						TestTargetID = 253D12692A27705000FFF47E;
					};
					253D12882A27705000FFF47E = {
						CreatedOnToolsVersion = 14.3;
						TestTargetID = 253D12692A27705000FFF47E;
					};
				};
			};
			buildConfigurationList = 253D12652A27705000FFF47E /* Build configuration list for PBXProject "swift-furniture-shop" */;
			compatibilityVersion = "Xcode 14.0";
			developmentRegion = en;
			hasScannedForEncodings = 0;
			knownRegions = (
				en,
				Base,
			);
			mainGroup = 253D12612A27705000FFF47E;
			productRefGroup = 253D126B2A27705000FFF47E /* Products */;
			projectDirPath = "";
			projectRoot = "";
			targets = (
				253D12692A27705000FFF47E /* swift-furniture-shop */,
				253D127E2A27705000FFF47E /* swift-furniture-shopTests */,
				253D12882A27705000FFF47E /* swift-furniture-shopUITests */,
			);
		};
/* End PBXProject section */

/* Begin PBXResourcesBuildPhase section */
		253D12682A27705000FFF47E /* Resources */ = {
			isa = PBXResourcesBuildPhase;
			buildActionMask = 2147483647;
			files = (
				253D12752A27705000FFF47E /* Preview Assets.xcassets in Resources */,
				253D12722A27705000FFF47E /* Assets.xcassets in Resources */,
			);
			runOnlyForDeploymentPostprocessing = 0;
		};
		253D127D2A27705000FFF47E /* Resources */ = {
			isa = PBXResourcesBuildPhase;
			buildActionMask = 2147483647;
			files = (
			);
			runOnlyForDeploymentPostprocessing = 0;
		};
		253D12872A27705000FFF47E /* Resources */ = {
			isa = PBXResourcesBuildPhase;
			buildActionMask = 2147483647;
			files = (
			);
			runOnlyForDeploymentPostprocessing = 0;
		};
/* End PBXResourcesBuildPhase section */

/* Begin PBXSourcesBuildPhase section */
		253D12662A27705000FFF47E /* Sources */ = {
			isa = PBXSourcesBuildPhase;
			buildActionMask = 2147483647;
			files = (
				253D12772A27705000FFF47E /* Persistence.swift in Sources */,
				253D12702A27705000FFF47E /* ContentView.swift in Sources */,
				253D127A2A27705000FFF47E /* swift_furniture_shop.xcdatamodeld in Sources */,
				253D126E2A27705000FFF47E /* swift_furniture_shopApp.swift in Sources */,
			);
			runOnlyForDeploymentPostprocessing = 0;
		};
		253D127B2A27705000FFF47E /* Sources */ = {
			isa = PBXSourcesBuildPhase;
			buildActionMask = 2147483647;
			files = (
				253D12842A27705000FFF47E /* swift_furniture_shopTests.swift in Sources */,
			);
			runOnlyForDeploymentPostprocessing = 0;
		};
		253D12852A27705000FFF47E /* Sources */ = {
			isa = PBXSourcesBuildPhase;
			buildActionMask = 2147483647;
			files = (
				253D128E2A27705000FFF47E /* swift_furniture_shopUITests.swift in Sources */,
				253D12902A27705000FFF47E /* swift_furniture_shopUITestsLaunchTests.swift in Sources */,
			);
			runOnlyForDeploymentPostprocessing = 0;
		};
/* End PBXSourcesBuildPhase section */

/* Begin PBXTargetDependency section */
		253D12812A27705000FFF47E /* PBXTargetDependency */ = {
			isa = PBXTargetDependency;
			target = 253D12692A27705000FFF47E /* swift-furniture-shop */;
			targetProxy = 253D12802A27705000FFF47E /* PBXContainerItemProxy */;
		};
		253D128B2A27705000FFF47E /* PBXTargetDependency */ = {
			isa = PBXTargetDependency;
			target = 253D12692A27705000FFF47E /* swift-furniture-shop */;
			targetProxy = 253D128A2A27705000FFF47E /* PBXContainerItemProxy */;
		};
/* End PBXTargetDependency section */

/* Begin XCBuildConfiguration section */
		253D12912A27705000FFF47E /* Debug */ = {
			isa = XCBuildConfiguration;
			buildSettings = {
				ALWAYS_SEARCH_USER_PATHS = NO;
				CLANG_ANALYZER_NONNULL = YES;
				CLANG_ANALYZER_NUMBER_OBJECT_CONVERSION = YES_AGGRESSIVE;
				CLANG_CXX_LANGUAGE_STANDARD = "gnu++20";
				CLANG_ENABLE_MODULES = YES;
				CLANG_ENABLE_OBJC_ARC = YES;
				CLANG_ENABLE_OBJC_WEAK = YES;
				CLANG_WARN_BLOCK_CAPTURE_AUTORELEASING = YES;
				CLANG_WARN_BOOL_CONVERSION = YES;
				CLANG_WARN_COMMA = YES;
				CLANG_WARN_CONSTANT_CONVERSION = YES;
				CLANG_WARN_DEPRECATED_OBJC_IMPLEMENTATIONS = YES;
				CLANG_WARN_DIRECT_OBJC_ISA_USAGE = YES_ERROR;
				CLANG_WARN_DOCUMENTATION_COMMENTS = YES;
				CLANG_WARN_EMPTY_BODY = YES;
				CLANG_WARN_ENUM_CONVERSION = YES;
				CLANG_WARN_INFINITE_RECURSION = YES;
				CLANG_WARN_INT_CONVERSION = YES;
				CLANG_WARN_NON_LITERAL_NULL_CONVERSION = YES;
				CLANG_WARN_OBJC_IMPLICIT_RETAIN_SELF = YES;
				CLANG_WARN_OBJC_LITERAL_CONVERSION = YES;
				CLANG_WARN_OBJC_ROOT_CLASS = YES_ERROR;
				CLANG_WARN_QUOTED_INCLUDE_IN_FRAMEWORK_HEADER = YES;
				CLANG_WARN_RANGE_LOOP_ANALYSIS = YES;
				CLANG_WARN_STRICT_PROTOTYPES = YES;
				CLANG_WARN_SUSPICIOUS_MOVE = YES;
				CLANG_WARN_UNGUARDED_AVAILABILITY = YES_AGGRESSIVE;
				CLANG_WARN_UNREACHABLE_CODE = YES;
				CLANG_WARN__DUPLICATE_METHOD_MATCH = YES;
				COPY_PHASE_STRIP = NO;
				DEBUG_INFORMATION_FORMAT = dwarf;
				ENABLE_STRICT_OBJC_MSGSEND = YES;
				ENABLE_TESTABILITY = YES;
				GCC_C_LANGUAGE_STANDARD = gnu11;
				GCC_DYNAMIC_NO_PIC = NO;
				GCC_NO_COMMON_BLOCKS = YES;
				GCC_OPTIMIZATION_LEVEL = 0;
				GCC_PREPROCESSOR_DEFINITIONS = (
					"DEBUG=1",
					"$(inherited)",
				);
				GCC_WARN_64_TO_32_BIT_CONVERSION = YES;
				GCC_WARN_ABOUT_RETURN_TYPE = YES_ERROR;
				GCC_WARN_UNDECLARED_SELECTOR = YES;
				GCC_WARN_UNINITIALIZED_AUTOS = YES_AGGRESSIVE;
				GCC_WARN_UNUSED_FUNCTION = YES;
				GCC_WARN_UNUSED_VARIABLE = YES;
				IPHONEOS_DEPLOYMENT_TARGET = 16.4;
				MTL_ENABLE_DEBUG_INFO = INCLUDE_SOURCE;
				MTL_FAST_MATH = YES;
				ONLY_ACTIVE_ARCH = YES;
				SDKROOT = iphoneos;
				SWIFT_ACTIVE_COMPILATION_CONDITIONS = DEBUG;
				SWIFT_OPTIMIZATION_LEVEL = "-Onone";
			};
			name = Debug;
		};
		253D12922A27705000FFF47E /* Release */ = {
			isa = XCBuildConfiguration;
			buildSettings = {
				ALWAYS_SEARCH_USER_PATHS = NO;
				CLANG_ANALYZER_NONNULL = YES;
				CLANG_ANALYZER_NUMBER_OBJECT_CONVERSION = YES_AGGRESSIVE;
				CLANG_CXX_LANGUAGE_STANDARD = "gnu++20";
				CLANG_ENABLE_MODULES = YES;
				CLANG_ENABLE_OBJC_ARC = YES;
				CLANG_ENABLE_OBJC_WEAK = YES;
				CLANG_WARN_BLOCK_CAPTURE_AUTORELEASING = YES;
				CLANG_WARN_BOOL_CONVERSION = YES;
				CLANG_WARN_COMMA = YES;
				CLANG_WARN_CONSTANT_CONVERSION = YES;
				CLANG_WARN_DEPRECATED_OBJC_IMPLEMENTATIONS = YES;
				CLANG_WARN_DIRECT_OBJC_ISA_USAGE = YES_ERROR;
				CLANG_WARN_DOCUMENTATION_COMMENTS = YES;
				CLANG_WARN_EMPTY_BODY = YES;
				CLANG_WARN_ENUM_CONVERSION = YES;
				CLANG_WARN_INFINITE_RECURSION = YES;
				CLANG_WARN_INT_CONVERSION = YES;
				CLANG_WARN_NON_LITERAL_NULL_CONVERSION = YES;
				CLANG_WARN_OBJC_IMPLICIT_RETAIN_SELF = YES;
				CLANG_WARN_OBJC_LITERAL_CONVERSION = YES;
				CLANG_WARN_OBJC_ROOT_CLASS = YES_ERROR;
				CLANG_WARN_QUOTED_INCLUDE_IN_FRAMEWORK_HEADER = YES;
				CLANG_WARN_RANGE_LOOP_ANALYSIS = YES;
				CLANG_WARN_STRICT_PROTOTYPES = YES;
				CLANG_WARN_SUSPICIOUS_MOVE = YES;
				CLANG_WARN_UNGUARDED_AVAILABILITY = YES_AGGRESSIVE;
				CLANG_WARN_UNREACHABLE_CODE = YES;
				CLANG_WARN__DUPLICATE_METHOD_MATCH = YES;
				COPY_PHASE_STRIP = NO;
				DEBUG_INFORMATION_FORMAT = "dwarf-with-dsym";
				ENABLE_NS_ASSERTIONS = NO;
				ENABLE_STRICT_OBJC_MSGSEND = YES;
				GCC_C_LANGUAGE_STANDARD = gnu11;
				GCC_NO_COMMON_BLOCKS = YES;
				GCC_WARN_64_TO_32_BIT_CONVERSION = YES;
				GCC_WARN_ABOUT_RETURN_TYPE = YES_ERROR;
				GCC_WARN_UNDECLARED_SELECTOR = YES;
				GCC_WARN_UNINITIALIZED_AUTOS = YES_AGGRESSIVE;
				GCC_WARN_UNUSED_FUNCTION = YES;
				GCC_WARN_UNUSED_VARIABLE = YES;
				IPHONEOS_DEPLOYMENT_TARGET = 16.4;
				MTL_ENABLE_DEBUG_INFO = NO;
				MTL_FAST_MATH = YES;
				SDKROOT = iphoneos;
				SWIFT_COMPILATION_MODE = wholemodule;
				SWIFT_OPTIMIZATION_LEVEL = "-O";
				VALIDATE_PRODUCT = YES;
			};
			name = Release;
		};
		253D12942A27705000FFF47E /* Debug */ = {
			isa = XCBuildConfiguration;
			buildSettings = {
				ASSETCATALOG_COMPILER_APPICON_NAME = AppIcon;
				ASSETCATALOG_COMPILER_GLOBAL_ACCENT_COLOR_NAME = AccentColor;
				CODE_SIGN_STYLE = Automatic;
				CURRENT_PROJECT_VERSION = 1;
				DEVELOPMENT_ASSET_PATHS = "\"swift-furniture-shop/Preview Content\"";
				ENABLE_PREVIEWS = YES;
				GENERATE_INFOPLIST_FILE = YES;
				INFOPLIST_KEY_UIApplicationSceneManifest_Generation = YES;
				INFOPLIST_KEY_UIApplicationSupportsIndirectInputEvents = YES;
				INFOPLIST_KEY_UILaunchScreen_Generation = YES;
				INFOPLIST_KEY_UISupportedInterfaceOrientations_iPad = "UIInterfaceOrientationPortrait UIInterfaceOrientationPortraitUpsideDown UIInterfaceOrientationLandscapeLeft UIInterfaceOrientationLandscapeRight";
				INFOPLIST_KEY_UISupportedInterfaceOrientations_iPhone = "UIInterfaceOrientationPortrait UIInterfaceOrientationLandscapeLeft UIInterfaceOrientationLandscapeRight";
				LD_RUNPATH_SEARCH_PATHS = (
					"$(inherited)",
					"@executable_path/Frameworks",
				);
				MARKETING_VERSION = 1.0;
				PRODUCT_BUNDLE_IDENTIFIER = "com.karaahmetoglu.swift-furniture-shop";
				PRODUCT_NAME = "$(TARGET_NAME)";
				SWIFT_EMIT_LOC_STRINGS = YES;
				SWIFT_VERSION = 5.0;
				TARGETED_DEVICE_FAMILY = "1,2";
			};
			name = Debug;
		};
		253D12952A27705000FFF47E /* Release */ = {
			isa = XCBuildConfiguration;
			buildSettings = {
				ASSETCATALOG_COMPILER_APPICON_NAME = AppIcon;
				ASSETCATALOG_COMPILER_GLOBAL_ACCENT_COLOR_NAME = AccentColor;
				CODE_SIGN_STYLE = Automatic;
				CURRENT_PROJECT_VERSION = 1;
				DEVELOPMENT_ASSET_PATHS = "\"swift-furniture-shop/Preview Content\"";
				ENABLE_PREVIEWS = YES;
				GENERATE_INFOPLIST_FILE = YES;
				INFOPLIST_KEY_UIApplicationSceneManifest_Generation = YES;
				INFOPLIST_KEY_UIApplicationSupportsIndirectInputEvents = YES;
				INFOPLIST_KEY_UILaunchScreen_Generation = YES;
				INFOPLIST_KEY_UISupportedInterfaceOrientations_iPad = "UIInterfaceOrientationPortrait UIInterfaceOrientationPortraitUpsideDown UIInterfaceOrientationLandscapeLeft UIInterfaceOrientationLandscapeRight";
				INFOPLIST_KEY_UISupportedInterfaceOrientations_iPhone = "UIInterfaceOrientationPortrait UIInterfaceOrientationLandscapeLeft UIInterfaceOrientationLandscapeRight";
				LD_RUNPATH_SEARCH_PATHS = (
					"$(inherited)",
					"@executable_path/Frameworks",
				);
				MARKETING_VERSION = 1.0;
				PRODUCT_BUNDLE_IDENTIFIER = "com.karaahmetoglu.swift-furniture-shop";
				PRODUCT_NAME = "$(TARGET_NAME)";
				SWIFT_EMIT_LOC_STRINGS = YES;
				SWIFT_VERSION = 5.0;
				TARGETED_DEVICE_FAMILY = "1,2";
			};
			name = Release;
		};
		253D12972A27705000FFF47E /* Debug */ = {
			isa = XCBuildConfiguration;
			buildSettings = {
				ALWAYS_EMBED_SWIFT_STANDARD_LIBRARIES = YES;
				BUNDLE_LOADER = "$(TEST_HOST)";
				CODE_SIGN_STYLE = Automatic;
				CURRENT_PROJECT_VERSION = 1;
				GENERATE_INFOPLIST_FILE = YES;
				IPHONEOS_DEPLOYMENT_TARGET = 16.4;
				MARKETING_VERSION = 1.0;
				PRODUCT_BUNDLE_IDENTIFIER = "com.karaahmetoglu.swift-furniture-shopTests";
				PRODUCT_NAME = "$(TARGET_NAME)";
				SWIFT_EMIT_LOC_STRINGS = NO;
				SWIFT_VERSION = 5.0;
				TARGETED_DEVICE_FAMILY = "1,2";
				TEST_HOST = "$(BUILT_PRODUCTS_DIR)/swift-furniture-shop.app/$(BUNDLE_EXECUTABLE_FOLDER_PATH)/swift-furniture-shop";
			};
			name = Debug;
		};
		253D12982A27705000FFF47E /* Release */ = {
			isa = XCBuildConfiguration;
			buildSettings = {
				ALWAYS_EMBED_SWIFT_STANDARD_LIBRARIES = YES;
				BUNDLE_LOADER = "$(TEST_HOST)";
				CODE_SIGN_STYLE = Automatic;
				CURRENT_PROJECT_VERSION = 1;
				GENERATE_INFOPLIST_FILE = YES;
				IPHONEOS_DEPLOYMENT_TARGET = 16.4;
				MARKETING_VERSION = 1.0;
				PRODUCT_BUNDLE_IDENTIFIER = "com.karaahmetoglu.swift-furniture-shopTests";
				PRODUCT_NAME = "$(TARGET_NAME)";
				SWIFT_EMIT_LOC_STRINGS = NO;
				SWIFT_VERSION = 5.0;
				TARGETED_DEVICE_FAMILY = "1,2";
				TEST_HOST = "$(BUILT_PRODUCTS_DIR)/swift-furniture-shop.app/$(BUNDLE_EXECUTABLE_FOLDER_PATH)/swift-furniture-shop";
			};
			name = Release;
		};
		253D129A2A27705000FFF47E /* Debug */ = {
			isa = XCBuildConfiguration;
			buildSettings = {
				ALWAYS_EMBED_SWIFT_STANDARD_LIBRARIES = YES;
				CODE_SIGN_STYLE = Automatic;
				CURRENT_PROJECT_VERSION = 1;
				GENERATE_INFOPLIST_FILE = YES;
				MARKETING_VERSION = 1.0;
				PRODUCT_BUNDLE_IDENTIFIER = "com.karaahmetoglu.swift-furniture-shopUITests";
				PRODUCT_NAME = "$(TARGET_NAME)";
				SWIFT_EMIT_LOC_STRINGS = NO;
				SWIFT_VERSION = 5.0;
				TARGETED_DEVICE_FAMILY = "1,2";
				TEST_TARGET_NAME = "swift-furniture-shop";
			};
			name = Debug;
		};
		253D129B2A27705000FFF47E /* Release */ = {
			isa = XCBuildConfiguration;
			buildSettings = {
				ALWAYS_EMBED_SWIFT_STANDARD_LIBRARIES = YES;
				CODE_SIGN_STYLE = Automatic;
				CURRENT_PROJECT_VERSION = 1;
				GENERATE_INFOPLIST_FILE = YES;
				MARKETING_VERSION = 1.0;
				PRODUCT_BUNDLE_IDENTIFIER = "com.karaahmetoglu.swift-furniture-shopUITests";
				PRODUCT_NAME = "$(TARGET_NAME)";
				SWIFT_EMIT_LOC_STRINGS = NO;
				SWIFT_VERSION = 5.0;
				TARGETED_DEVICE_FAMILY = "1,2";
				TEST_TARGET_NAME = "swift-furniture-shop";
			};
			name = Release;
		};
/* End XCBuildConfiguration section */

/* Begin XCConfigurationList section */
		253D12652A27705000FFF47E /* Build configuration list for PBXProject "swift-furniture-shop" */ = {
			isa = XCConfigurationList;
			buildConfigurations = (
				253D12912A27705000FFF47E /* Debug */,
				253D12922A27705000FFF47E /* Release */,
			);
			defaultConfigurationIsVisible = 0;
			defaultConfigurationName = Release;
		};
		253D12932A27705000FFF47E /* Build configuration list for PBXNativeTarget "swift-furniture-shop" */ = {
			isa = XCConfigurationList;
			buildConfigurations = (
				253D12942A27705000FFF47E /* Debug */,
				253D12952A27705000FFF47E /* Release */,
			);
			defaultConfigurationIsVisible = 0;
			defaultConfigurationName = Release;
		};
		253D12962A27705000FFF47E /* Build configuration list for PBXNativeTarget "swift-furniture-shopTests" */ = {
			isa = XCConfigurationList;
			buildConfigurations = (
				253D12972A27705000FFF47E /* Debug */,
				253D12982A27705000FFF47E /* Release */,
			);
			defaultConfigurationIsVisible = 0;
			defaultConfigurationName = Release;
		};
		253D12992A27705000FFF47E /* Build configuration list for PBXNativeTarget "swift-furniture-shopUITests" */ = {
			isa = XCConfigurationList;
			buildConfigurations = (
				253D129A2A27705000FFF47E /* Debug */,
				253D129B2A27705000FFF47E /* Release */,
			);
			defaultConfigurationIsVisible = 0;
			defaultConfigurationName = Release;
		};
/* End XCConfigurationList section */

/* Begin XCVersionGroup section */
		253D12782A27705000FFF47E /* swift_furniture_shop.xcdatamodeld */ = {
			isa = XCVersionGroup;
			children = (
				253D12792A27705000FFF47E /* swift_furniture_shop.xcdatamodel */,
			);
			currentVersion = 253D12792A27705000FFF47E /* swift_furniture_shop.xcdatamodel */;
			path = swift_furniture_shop.xcdatamodeld;
			sourceTree = "<group>";
			versionGroupType = wrapper.xcdatamodel;
		};
/* End XCVersionGroup section */
	};
	rootObject = 253D12622A27705000FFF47E /* Project object */;
}
